
Microsoft Visual Studio Solution File, Format Version 12.00
# Visual Studio Version 17
VisualStudioVersion = 17.5.002.0
MinimumVisualStudioVersion = 10.0.40219.1
Project("{9A19103F-16F7-4668-BE54-9A1E7A4F7556}") = "Emby.Plugin.Danmu", "Emby.Plugin.Danmu.csproj", "{5DF1E297-B039-4F54-996A-CA008D0F6D89}"
EndProject
Global
	GlobalSection(SolutionConfigurationPlatforms) = preSolution
		Debug|Any CPU = Debug|Any CPU
		Release|Any CPU = Release|Any CPU
	EndGlobalSection
	GlobalSection(ProjectConfigurationPlatforms) = postSolution
		{5DF1E297-B039-4F54-996A-CA008D0F6D89}.Debug|Any CPU.ActiveCfg = Debug|Any CPU
		{5DF1E297-B039-4F54-996A-CA008D0F6D89}.Debug|Any CPU.Build.0 = Debug|Any CPU
		{5DF1E297-B039-4F54-996A-CA008D0F6D89}.Release|Any CPU.ActiveCfg = Release|Any CPU
		{5DF1E297-B039-4F54-996A-CA008D0F6D89}.Release|Any CPU.Build.0 = Release|Any CPU
	EndGlobalSection
	GlobalSection(SolutionProperties) = preSolution
		HideSolutionNode = FALSE
	EndGlobalSection
	GlobalSection(ExtensibilityGlobals) = postSolution
		SolutionGuid = {D79DD6FD-B0AC-4761-A0BA-C46814AE7F7A}
	EndGlobalSection
EndGlobal
